
Microsoft Visual Studio Solution File, Format Version 12.00
# Visual Studio Version 17
VisualStudioVersion = 17.3.32901.215
MinimumVisualStudioVersion = 10.0.40219.1
Project("{8BC9CEB8-8B4A-11D0-8D11-00A0C91BC942}") = "gamecharacters_unorderd_map", "gamecharacters_unorderd_map\gamecharacters_unorderd_map.vcxproj", "{60322C04-972A-4BD7-AFFD-734C2EEC04F4}"
EndProject
Global
	GlobalSection(SolutionConfigurationPlatforms) = preSolution
		Debug|x64 = Debug|x64
		Debug|x86 = Debug|x86
		Release|x64 = Release|x64
		Release|x86 = Release|x86
	EndGlobalSection
	GlobalSection(ProjectConfigurationPlatforms) = postSolution
		{60322C04-972A-4BD7-AFFD-734C2EEC04F4}.Debug|x64.ActiveCfg = Debug|x64
		{60322C04-972A-4BD7-AFFD-734C2EEC04F4}.Debug|x64.Build.0 = Debug|x64
		{60322C04-972A-4BD7-AFFD-734C2EEC04F4}.Debug|x86.ActiveCfg = Debug|Win32
		{60322C04-972A-4BD7-AFFD-734C2EEC04F4}.Debug|x86.Build.0 = Debug|Win32
		{60322C04-972A-4BD7-AFFD-734C2EEC04F4}.Release|x64.ActiveCfg = Release|x64
		{60322C04-972A-4BD7-AFFD-734C2EEC04F4}.Release|x64.Build.0 = Release|x64
		{60322C04-972A-4BD7-AFFD-734C2EEC04F4}.Release|x86.ActiveCfg = Release|Win32
		{60322C04-972A-4BD7-AFFD-734C2EEC04F4}.Release|x86.Build.0 = Release|Win32
	EndGlobalSection
	GlobalSection(SolutionProperties) = preSolution
		HideSolutionNode = FALSE
	EndGlobalSection
	GlobalSection(ExtensibilityGlobals) = postSolution
		SolutionGuid = {D7D97574-E778-4670-B6A1-92331356D6DB}
	EndGlobalSection
EndGlobal
